
Microsoft Visual Studio Solution File, Format Version 12.00
# Visual Studio Version 17
VisualStudioVersion = 17.8.34511.84
MinimumVisualStudioVersion = 10.0.40219.1
Project("{9A19103F-16F7-4668-BE54-9A1E7A4F7556}") = "Resilentr", "Resilentr\Resilentr.csproj", "{71C5579F-46E8-489A-AFC8-1D1D15CF7DF8}"
EndProject
Project("{9A19103F-16F7-4668-BE54-9A1E7A4F7556}") = "Resilentr.Test", "Resilentr.Test\Resilentr.Test.csproj", "{B1ADD49C-7135-4268-BDDC-1F674493C3CD}"
EndProject
Global
	GlobalSection(SolutionConfigurationPlatforms) = preSolution
		Debug|Any CPU = Debug|Any CPU
		Release|Any CPU = Release|Any CPU
	EndGlobalSection
	GlobalSection(ProjectConfigurationPlatforms) = postSolution
		{71C5579F-46E8-489A-AFC8-1D1D15CF7DF8}.Debug|Any CPU.ActiveCfg = Release|Any CPU
		{71C5579F-46E8-489A-AFC8-1D1D15CF7DF8}.Debug|Any CPU.Build.0 = Release|Any CPU
		{71C5579F-46E8-489A-AFC8-1D1D15CF7DF8}.Release|Any CPU.ActiveCfg = Release|Any CPU
		{71C5579F-46E8-489A-AFC8-1D1D15CF7DF8}.Release|Any CPU.Build.0 = Release|Any CPU
		{B1ADD49C-7135-4268-BDDC-1F674493C3CD}.Debug|Any CPU.ActiveCfg = Release|Any CPU
		{B1ADD49C-7135-4268-BDDC-1F674493C3CD}.Debug|Any CPU.Build.0 = Release|Any CPU
		{B1ADD49C-7135-4268-BDDC-1F674493C3CD}.Release|Any CPU.ActiveCfg = Release|Any CPU
		{B1ADD49C-7135-4268-BDDC-1F674493C3CD}.Release|Any CPU.Build.0 = Release|Any CPU
	EndGlobalSection
	GlobalSection(SolutionProperties) = preSolution
		HideSolutionNode = FALSE
	EndGlobalSection
	GlobalSection(ExtensibilityGlobals) = postSolution
		SolutionGuid = {799FB1C4-A349-489D-987E-4CCF3ED843D6}
	EndGlobalSection
EndGlobal
